// !$*UTF8*$!
{
	archiveVersion = 1;
	classes = {
	};
	objectVersion = 51;
	objects = {

/* Begin PBXBuildFile section */
		16842300F896E440660E40C6 /* Pods_SpaceXInfo.framework in Frameworks */ = {isa = PBXBuildFile; fileRef = 4E1C9ED71EED5DDEDCFE44D6 /* Pods_SpaceXInfo.framework */; };
		9346579C257A762E00392967 /* AppDelegate.swift in Sources */ = {isa = PBXBuildFile; fileRef = 9346579B257A762E00392967 /* AppDelegate.swift */; };
		9346579E257A762E00392967 /* SceneDelegate.swift in Sources */ = {isa = PBXBuildFile; fileRef = 9346579D257A762E00392967 /* SceneDelegate.swift */; };
		934657A5257A763200392967 /* Assets.xcassets in Resources */ = {isa = PBXBuildFile; fileRef = 934657A4257A763200392967 /* Assets.xcassets */; };
		934657A8257A763200392967 /* LaunchScreen.storyboard in Resources */ = {isa = PBXBuildFile; fileRef = 934657A6257A763200392967 /* LaunchScreen.storyboard */; };
		9395082125815E6A00B40C62 /* UIViewController+Ext.swift in Sources */ = {isa = PBXBuildFile; fileRef = 9395082025815E6A00B40C62 /* UIViewController+Ext.swift */; };
		93A33A5D257ED66300DD4A3C /* UpcomingLaunchesVC.swift in Sources */ = {isa = PBXBuildFile; fileRef = 93A33A5C257ED66300DD4A3C /* UpcomingLaunchesVC.swift */; };
		93A33A60257ED6A000DD4A3C /* LatestLaunchesVC.swift in Sources */ = {isa = PBXBuildFile; fileRef = 93A33A5F257ED6A000DD4A3C /* LatestLaunchesVC.swift */; };
		93A33A63257ED7D200DD4A3C /* RocketsVC.swift in Sources */ = {isa = PBXBuildFile; fileRef = 93A33A62257ED7D200DD4A3C /* RocketsVC.swift */; };
		93A33A67257EDB8E00DD4A3C /* SXTabBarController.swift in Sources */ = {isa = PBXBuildFile; fileRef = 93A33A66257EDB8E00DD4A3C /* SXTabBarController.swift */; };
		93A33A6B257FB55B00DD4A3C /* LaunchCell.swift in Sources */ = {isa = PBXBuildFile; fileRef = 93A33A6A257FB55B00DD4A3C /* LaunchCell.swift */; };
		93A33A6F257FB80F00DD4A3C /* SXAvatarImageView.swift in Sources */ = {isa = PBXBuildFile; fileRef = 93A33A6E257FB80F00DD4A3C /* SXAvatarImageView.swift */; };
		93A33A73257FB83F00DD4A3C /* Constants.swift in Sources */ = {isa = PBXBuildFile; fileRef = 93A33A72257FB83F00DD4A3C /* Constants.swift */; };
		93A33A78257FBD6E00DD4A3C /* SXTitleLabel.swift in Sources */ = {isa = PBXBuildFile; fileRef = 93A33A77257FBD6E00DD4A3C /* SXTitleLabel.swift */; };
		93A33A7B257FC09D00DD4A3C /* SXBodyLabel.swift in Sources */ = {isa = PBXBuildFile; fileRef = 93A33A7A257FC09D00DD4A3C /* SXBodyLabel.swift */; };
		93A33A812580097E00DD4A3C /* NetworkManager.swift in Sources */ = {isa = PBXBuildFile; fileRef = 93A33A802580097E00DD4A3C /* NetworkManager.swift */; };
		93A33A8525800A4D00DD4A3C /* Launch.swift in Sources */ = {isa = PBXBuildFile; fileRef = 93A33A8425800A4D00DD4A3C /* Launch.swift */; };
		93A33A8A25801E0100DD4A3C /* SXAlertContainerView.swift in Sources */ = {isa = PBXBuildFile; fileRef = 93A33A8925801E0100DD4A3C /* SXAlertContainerView.swift */; };
		93A33A8E25801E8000DD4A3C /* SXAlertVC.swift in Sources */ = {isa = PBXBuildFile; fileRef = 93A33A8D25801E8000DD4A3C /* SXAlertVC.swift */; };
		93A33A9325801F0900DD4A3C /* SXButton.swift in Sources */ = {isa = PBXBuildFile; fileRef = 93A33A9225801F0900DD4A3C /* SXButton.swift */; };
		93A33A972580237500DD4A3C /* SXError.swift in Sources */ = {isa = PBXBuildFile; fileRef = 93A33A962580237500DD4A3C /* SXError.swift */; };
/* End PBXBuildFile section */

/* Begin PBXFileReference section */
		0FFC73DB6BD35150A6ED263D /* Pods-SpaceXInfo.debug.xcconfig */ = {isa = PBXFileReference; includeInIndex = 1; lastKnownFileType = text.xcconfig; name = "Pods-SpaceXInfo.debug.xcconfig"; path = "Target Support Files/Pods-SpaceXInfo/Pods-SpaceXInfo.debug.xcconfig"; sourceTree = "<group>"; };
		4E1C9ED71EED5DDEDCFE44D6 /* Pods_SpaceXInfo.framework */ = {isa = PBXFileReference; explicitFileType = wrapper.framework; includeInIndex = 0; path = Pods_SpaceXInfo.framework; sourceTree = BUILT_PRODUCTS_DIR; };
		648306305F941FA4ECE8792D /* Pods-SpaceXInfo.release.xcconfig */ = {isa = PBXFileReference; includeInIndex = 1; lastKnownFileType = text.xcconfig; name = "Pods-SpaceXInfo.release.xcconfig"; path = "Target Support Files/Pods-SpaceXInfo/Pods-SpaceXInfo.release.xcconfig"; sourceTree = "<group>"; };
		93465798257A762E00392967 /* SpaceXInfo.app */ = {isa = PBXFileReference; explicitFileType = wrapper.application; includeInIndex = 0; path = SpaceXInfo.app; sourceTree = BUILT_PRODUCTS_DIR; };
		9346579B257A762E00392967 /* AppDelegate.swift */ = {isa = PBXFileReference; lastKnownFileType = sourcecode.swift; path = AppDelegate.swift; sourceTree = "<group>"; };
		9346579D257A762E00392967 /* SceneDelegate.swift */ = {isa = PBXFileReference; lastKnownFileType = sourcecode.swift; path = SceneDelegate.swift; sourceTree = "<group>"; };
		934657A4257A763200392967 /* Assets.xcassets */ = {isa = PBXFileReference; lastKnownFileType = folder.assetcatalog; path = Assets.xcassets; sourceTree = "<group>"; };
		934657A7257A763200392967 /* Base */ = {isa = PBXFileReference; lastKnownFileType = file.storyboard; name = Base; path = Base.lproj/LaunchScreen.storyboard; sourceTree = "<group>"; };
		934657A9257A763200392967 /* Info.plist */ = {isa = PBXFileReference; lastKnownFileType = text.plist.xml; path = Info.plist; sourceTree = "<group>"; };
		9395082025815E6A00B40C62 /* UIViewController+Ext.swift */ = {isa = PBXFileReference; lastKnownFileType = sourcecode.swift; path = "UIViewController+Ext.swift"; sourceTree = "<group>"; };
		93A33A5C257ED66300DD4A3C /* UpcomingLaunchesVC.swift */ = {isa = PBXFileReference; lastKnownFileType = sourcecode.swift; path = UpcomingLaunchesVC.swift; sourceTree = "<group>"; };
		93A33A5F257ED6A000DD4A3C /* LatestLaunchesVC.swift */ = {isa = PBXFileReference; lastKnownFileType = sourcecode.swift; path = LatestLaunchesVC.swift; sourceTree = "<group>"; };
		93A33A62257ED7D200DD4A3C /* RocketsVC.swift */ = {isa = PBXFileReference; lastKnownFileType = sourcecode.swift; path = RocketsVC.swift; sourceTree = "<group>"; };
		93A33A66257EDB8E00DD4A3C /* SXTabBarController.swift */ = {isa = PBXFileReference; lastKnownFileType = sourcecode.swift; path = SXTabBarController.swift; sourceTree = "<group>"; };
		93A33A6A257FB55B00DD4A3C /* LaunchCell.swift */ = {isa = PBXFileReference; lastKnownFileType = sourcecode.swift; path = LaunchCell.swift; sourceTree = "<group>"; };
		93A33A6E257FB80F00DD4A3C /* SXAvatarImageView.swift */ = {isa = PBXFileReference; lastKnownFileType = sourcecode.swift; path = SXAvatarImageView.swift; sourceTree = "<group>"; };
		93A33A72257FB83F00DD4A3C /* Constants.swift */ = {isa = PBXFileReference; lastKnownFileType = sourcecode.swift; path = Constants.swift; sourceTree = "<group>"; };
		93A33A77257FBD6E00DD4A3C /* SXTitleLabel.swift */ = {isa = PBXFileReference; lastKnownFileType = sourcecode.swift; path = SXTitleLabel.swift; sourceTree = "<group>"; };
		93A33A7A257FC09D00DD4A3C /* SXBodyLabel.swift */ = {isa = PBXFileReference; lastKnownFileType = sourcecode.swift; path = SXBodyLabel.swift; sourceTree = "<group>"; };
		93A33A802580097E00DD4A3C /* NetworkManager.swift */ = {isa = PBXFileReference; lastKnownFileType = sourcecode.swift; path = NetworkManager.swift; sourceTree = "<group>"; };
		93A33A8425800A4D00DD4A3C /* Launch.swift */ = {isa = PBXFileReference; lastKnownFileType = sourcecode.swift; path = Launch.swift; sourceTree = "<group>"; };
		93A33A8925801E0100DD4A3C /* SXAlertContainerView.swift */ = {isa = PBXFileReference; lastKnownFileType = sourcecode.swift; path = SXAlertContainerView.swift; sourceTree = "<group>"; };
		93A33A8D25801E8000DD4A3C /* SXAlertVC.swift */ = {isa = PBXFileReference; lastKnownFileType = sourcecode.swift; path = SXAlertVC.swift; sourceTree = "<group>"; };
		93A33A9225801F0900DD4A3C /* SXButton.swift */ = {isa = PBXFileReference; lastKnownFileType = sourcecode.swift; path = SXButton.swift; sourceTree = "<group>"; };
		93A33A962580237500DD4A3C /* SXError.swift */ = {isa = PBXFileReference; lastKnownFileType = sourcecode.swift; path = SXError.swift; sourceTree = "<group>"; };
/* End PBXFileReference section */

/* Begin PBXFrameworksBuildPhase section */
		93465795257A762E00392967 /* Frameworks */ = {
			isa = PBXFrameworksBuildPhase;
			buildActionMask = 2147483647;
			files = (
				16842300F896E440660E40C6 /* Pods_SpaceXInfo.framework in Frameworks */,
			);
			runOnlyForDeploymentPostprocessing = 0;
		};
/* End PBXFrameworksBuildPhase section */

/* Begin PBXGroup section */
		9346578F257A762D00392967 = {
			isa = PBXGroup;
			children = (
				9346579A257A762E00392967 /* SpaceXInfo */,
				93465799257A762E00392967 /* Products */,
				C42AE508339EBE64797F936E /* Pods */,
				9DE523E05DC6FCF6866F80D8 /* Frameworks */,
			);
			sourceTree = "<group>";
		};
		93465799257A762E00392967 /* Products */ = {
			isa = PBXGroup;
			children = (
				93465798257A762E00392967 /* SpaceXInfo.app */,
			);
			name = Products;
			sourceTree = "<group>";
		};
		9346579A257A762E00392967 /* SpaceXInfo */ = {
			isa = PBXGroup;
			children = (
				9395081F25815E5100B40C62 /* Extensions */,
				93A33A8325800A2100DD4A3C /* Model */,
				93A33A7F2580096800DD4A3C /* Managers */,
				93A33A71257FB82B00DD4A3C /* Utilities */,
				934657B4257ABC6500392967 /* Screens */,
				934657B3257ABC5800392967 /* CustomViews */,
				9346579B257A762E00392967 /* AppDelegate.swift */,
				9346579D257A762E00392967 /* SceneDelegate.swift */,
				934657A4257A763200392967 /* Assets.xcassets */,
				934657A6257A763200392967 /* LaunchScreen.storyboard */,
				934657A9257A763200392967 /* Info.plist */,
			);
			path = SpaceXInfo;
			sourceTree = "<group>";
		};
		934657B3257ABC5800392967 /* CustomViews */ = {
			isa = PBXGroup;
			children = (
				93A33A9125801EE800DD4A3C /* Buttons */,
				93A33A8C25801E5E00DD4A3C /* ViewControllers */,
				93A33A8825801DCF00DD4A3C /* Views */,
				93A33A76257FBD5300DD4A3C /* Labels */,
				93A33A6D257FB7EF00DD4A3C /* ImageViews */,
				93A33A69257FB52A00DD4A3C /* Cells */,
				93A33A65257EDB0700DD4A3C /* TabBarControllers */,
			);
			path = CustomViews;
			sourceTree = "<group>";
		};
		934657B4257ABC6500392967 /* Screens */ = {
			isa = PBXGroup;
			children = (
				93A33A5C257ED66300DD4A3C /* UpcomingLaunchesVC.swift */,
				93A33A5F257ED6A000DD4A3C /* LatestLaunchesVC.swift */,
				93A33A62257ED7D200DD4A3C /* RocketsVC.swift */,
			);
			path = Screens;
			sourceTree = "<group>";
		};
		9395081F25815E5100B40C62 /* Extensions */ = {
			isa = PBXGroup;
			children = (
				9395082025815E6A00B40C62 /* UIViewController+Ext.swift */,
			);
			path = Extensions;
			sourceTree = "<group>";
		};
		93A33A65257EDB0700DD4A3C /* TabBarControllers */ = {
			isa = PBXGroup;
			children = (
				93A33A66257EDB8E00DD4A3C /* SXTabBarController.swift */,
			);
			path = TabBarControllers;
			sourceTree = "<group>";
		};
		93A33A69257FB52A00DD4A3C /* Cells */ = {
			isa = PBXGroup;
			children = (
				93A33A6A257FB55B00DD4A3C /* LaunchCell.swift */,
			);
			path = Cells;
			sourceTree = "<group>";
		};
		93A33A6D257FB7EF00DD4A3C /* ImageViews */ = {
			isa = PBXGroup;
			children = (
				93A33A6E257FB80F00DD4A3C /* SXAvatarImageView.swift */,
			);
			path = ImageViews;
			sourceTree = "<group>";
		};
		93A33A71257FB82B00DD4A3C /* Utilities */ = {
			isa = PBXGroup;
			children = (
				93A33A72257FB83F00DD4A3C /* Constants.swift */,
				93A33A962580237500DD4A3C /* SXError.swift */,
			);
			path = Utilities;
			sourceTree = "<group>";
		};
		93A33A76257FBD5300DD4A3C /* Labels */ = {
			isa = PBXGroup;
			children = (
				93A33A77257FBD6E00DD4A3C /* SXTitleLabel.swift */,
				93A33A7A257FC09D00DD4A3C /* SXBodyLabel.swift */,
			);
			path = Labels;
			sourceTree = "<group>";
		};
		93A33A7F2580096800DD4A3C /* Managers */ = {
			isa = PBXGroup;
			children = (
				93A33A802580097E00DD4A3C /* NetworkManager.swift */,
			);
			path = Managers;
			sourceTree = "<group>";
		};
		93A33A8325800A2100DD4A3C /* Model */ = {
			isa = PBXGroup;
			children = (
				93A33A8425800A4D00DD4A3C /* Launch.swift */,
			);
			path = Model;
			sourceTree = "<group>";
		};
		93A33A8825801DCF00DD4A3C /* Views */ = {
			isa = PBXGroup;
			children = (
				93A33A8925801E0100DD4A3C /* SXAlertContainerView.swift */,
			);
			path = Views;
			sourceTree = "<group>";
		};
		93A33A8C25801E5E00DD4A3C /* ViewControllers */ = {
			isa = PBXGroup;
			children = (
				93A33A8D25801E8000DD4A3C /* SXAlertVC.swift */,
			);
			path = ViewControllers;
			sourceTree = "<group>";
		};
		93A33A9125801EE800DD4A3C /* Buttons */ = {
			isa = PBXGroup;
			children = (
				93A33A9225801F0900DD4A3C /* SXButton.swift */,
			);
			path = Buttons;
			sourceTree = "<group>";
		};
		9DE523E05DC6FCF6866F80D8 /* Frameworks */ = {
			isa = PBXGroup;
			children = (
				4E1C9ED71EED5DDEDCFE44D6 /* Pods_SpaceXInfo.framework */,
			);
			name = Frameworks;
			sourceTree = "<group>";
		};
		C42AE508339EBE64797F936E /* Pods */ = {
			isa = PBXGroup;
			children = (
				0FFC73DB6BD35150A6ED263D /* Pods-SpaceXInfo.debug.xcconfig */,
				648306305F941FA4ECE8792D /* Pods-SpaceXInfo.release.xcconfig */,
			);
			path = Pods;
			sourceTree = "<group>";
		};
/* End PBXGroup section */

/* Begin PBXNativeTarget section */
		93465797257A762E00392967 /* SpaceXInfo */ = {
			isa = PBXNativeTarget;
			buildConfigurationList = 934657AC257A763200392967 /* Build configuration list for PBXNativeTarget "SpaceXInfo" */;
			buildPhases = (
				957DFE4FC1F917B7744F5324 /* [CP] Check Pods Manifest.lock */,
				93465794257A762E00392967 /* Sources */,
				93465795257A762E00392967 /* Frameworks */,
				93465796257A762E00392967 /* Resources */,
				BD0EF27B4FA296A8EC4B824F /* [CP] Embed Pods Frameworks */,
			);
			buildRules = (
			);
			dependencies = (
			);
			name = SpaceXInfo;
			productName = SpaceXInfo;
			productReference = 93465798257A762E00392967 /* SpaceXInfo.app */;
			productType = "com.apple.product-type.application";
		};
/* End PBXNativeTarget section */

/* Begin PBXProject section */
		93465790257A762D00392967 /* Project object */ = {
			isa = PBXProject;
			attributes = {
				LastSwiftUpdateCheck = 1220;
				LastUpgradeCheck = 1220;
				TargetAttributes = {
					93465797257A762E00392967 = {
						CreatedOnToolsVersion = 12.2;
					};
				};
			};
			buildConfigurationList = 93465793257A762D00392967 /* Build configuration list for PBXProject "SpaceXInfo" */;
			compatibilityVersion = "Xcode 9.3";
			developmentRegion = en;
			hasScannedForEncodings = 0;
			knownRegions = (
				en,
				Base,
			);
			mainGroup = 9346578F257A762D00392967;
			productRefGroup = 93465799257A762E00392967 /* Products */;
			projectDirPath = "";
			projectRoot = "";
			targets = (
				93465797257A762E00392967 /* SpaceXInfo */,
			);
		};
/* End PBXProject section */

/* Begin PBXResourcesBuildPhase section */
		93465796257A762E00392967 /* Resources */ = {
			isa = PBXResourcesBuildPhase;
			buildActionMask = 2147483647;
			files = (
				934657A8257A763200392967 /* LaunchScreen.storyboard in Resources */,
				934657A5257A763200392967 /* Assets.xcassets in Resources */,
			);
			runOnlyForDeploymentPostprocessing = 0;
		};
/* End PBXResourcesBuildPhase section */

/* Begin PBXShellScriptBuildPhase section */
		957DFE4FC1F917B7744F5324 /* [CP] Check Pods Manifest.lock */ = {
			isa = PBXShellScriptBuildPhase;
			buildActionMask = 2147483647;
			files = (
			);
			inputFileListPaths = (
			);
			inputPaths = (
				"${PODS_PODFILE_DIR_PATH}/Podfile.lock",
				"${PODS_ROOT}/Manifest.lock",
			);
			name = "[CP] Check Pods Manifest.lock";
			outputFileListPaths = (
			);
			outputPaths = (
				"$(DERIVED_FILE_DIR)/Pods-SpaceXInfo-checkManifestLockResult.txt",
			);
			runOnlyForDeploymentPostprocessing = 0;
			shellPath = /bin/sh;
			shellScript = "diff \"${PODS_PODFILE_DIR_PATH}/Podfile.lock\" \"${PODS_ROOT}/Manifest.lock\" > /dev/null\nif [ $? != 0 ] ; then\n    # print error to STDERR\n    echo \"error: The sandbox is not in sync with the Podfile.lock. Run 'pod install' or update your CocoaPods installation.\" >&2\n    exit 1\nfi\n# This output is used by Xcode 'outputs' to avoid re-running this script phase.\necho \"SUCCESS\" > \"${SCRIPT_OUTPUT_FILE_0}\"\n";
			showEnvVarsInLog = 0;
		};
		BD0EF27B4FA296A8EC4B824F /* [CP] Embed Pods Frameworks */ = {
			isa = PBXShellScriptBuildPhase;
			buildActionMask = 2147483647;
			files = (
			);
			inputFileListPaths = (
				"${PODS_ROOT}/Target Support Files/Pods-SpaceXInfo/Pods-SpaceXInfo-frameworks-${CONFIGURATION}-input-files.xcfilelist",
			);
			name = "[CP] Embed Pods Frameworks";
			outputFileListPaths = (
				"${PODS_ROOT}/Target Support Files/Pods-SpaceXInfo/Pods-SpaceXInfo-frameworks-${CONFIGURATION}-output-files.xcfilelist",
			);
			runOnlyForDeploymentPostprocessing = 0;
			shellPath = /bin/sh;
			shellScript = "\"${PODS_ROOT}/Target Support Files/Pods-SpaceXInfo/Pods-SpaceXInfo-frameworks.sh\"\n";
			showEnvVarsInLog = 0;
		};
/* End PBXShellScriptBuildPhase section */

/* Begin PBXSourcesBuildPhase section */
		93465794257A762E00392967 /* Sources */ = {
			isa = PBXSourcesBuildPhase;
			buildActionMask = 2147483647;
			files = (
				93A33A9325801F0900DD4A3C /* SXButton.swift in Sources */,
				93A33A812580097E00DD4A3C /* NetworkManager.swift in Sources */,
				93A33A972580237500DD4A3C /* SXError.swift in Sources */,
				93A33A5D257ED66300DD4A3C /* UpcomingLaunchesVC.swift in Sources */,
				9346579C257A762E00392967 /* AppDelegate.swift in Sources */,
				93A33A6F257FB80F00DD4A3C /* SXAvatarImageView.swift in Sources */,
				93A33A8A25801E0100DD4A3C /* SXAlertContainerView.swift in Sources */,
				93A33A60257ED6A000DD4A3C /* LatestLaunchesVC.swift in Sources */,
				9395082125815E6A00B40C62 /* UIViewController+Ext.swift in Sources */,
				9346579E257A762E00392967 /* SceneDelegate.swift in Sources */,
				93A33A8E25801E8000DD4A3C /* SXAlertVC.swift in Sources */,
				93A33A67257EDB8E00DD4A3C /* SXTabBarController.swift in Sources */,
				93A33A6B257FB55B00DD4A3C /* LaunchCell.swift in Sources */,
				93A33A7B257FC09D00DD4A3C /* SXBodyLabel.swift in Sources */,
				93A33A63257ED7D200DD4A3C /* RocketsVC.swift in Sources */,
				93A33A8525800A4D00DD4A3C /* Launch.swift in Sources */,
				93A33A78257FBD6E00DD4A3C /* SXTitleLabel.swift in Sources */,
				93A33A73257FB83F00DD4A3C /* Constants.swift in Sources */,
			);
			runOnlyForDeploymentPostprocessing = 0;
		};
/* End PBXSourcesBuildPhase section */

/* Begin PBXVariantGroup section */
		934657A6257A763200392967 /* LaunchScreen.storyboard */ = {
			isa = PBXVariantGroup;
			children = (
				934657A7257A763200392967 /* Base */,
			);
			name = LaunchScreen.storyboard;
			sourceTree = "<group>";
		};
/* End PBXVariantGroup section */

/* Begin XCBuildConfiguration section */
		934657AA257A763200392967 /* Debug */ = {
			isa = XCBuildConfiguration;
			buildSettings = {
				ALWAYS_SEARCH_USER_PATHS = NO;
				CLANG_ANALYZER_NONNULL = YES;
				CLANG_ANALYZER_NUMBER_OBJECT_CONVERSION = YES_AGGRESSIVE;
				CLANG_CXX_LANGUAGE_STANDARD = "gnu++14";
				CLANG_CXX_LIBRARY = "libc++";
				CLANG_ENABLE_MODULES = YES;
				CLANG_ENABLE_OBJC_ARC = YES;
				CLANG_ENABLE_OBJC_WEAK = YES;
				CLANG_WARN_BLOCK_CAPTURE_AUTORELEASING = YES;
				CLANG_WARN_BOOL_CONVERSION = YES;
				CLANG_WARN_COMMA = YES;
				CLANG_WARN_CONSTANT_CONVERSION = YES;
				CLANG_WARN_DEPRECATED_OBJC_IMPLEMENTATIONS = YES;
				CLANG_WARN_DIRECT_OBJC_ISA_USAGE = YES_ERROR;
				CLANG_WARN_DOCUMENTATION_COMMENTS = YES;
				CLANG_WARN_EMPTY_BODY = YES;
				CLANG_WARN_ENUM_CONVERSION = YES;
				CLANG_WARN_INFINITE_RECURSION = YES;
				CLANG_WARN_INT_CONVERSION = YES;
				CLANG_WARN_NON_LITERAL_NULL_CONVERSION = YES;
				CLANG_WARN_OBJC_IMPLICIT_RETAIN_SELF = YES;
				CLANG_WARN_OBJC_LITERAL_CONVERSION = YES;
				CLANG_WARN_OBJC_ROOT_CLASS = YES_ERROR;
				CLANG_WARN_QUOTED_INCLUDE_IN_FRAMEWORK_HEADER = YES;
				CLANG_WARN_RANGE_LOOP_ANALYSIS = YES;
				CLANG_WARN_STRICT_PROTOTYPES = YES;
				CLANG_WARN_SUSPICIOUS_MOVE = YES;
				CLANG_WARN_UNGUARDED_AVAILABILITY = YES_AGGRESSIVE;
				CLANG_WARN_UNREACHABLE_CODE = YES;
				CLANG_WARN__DUPLICATE_METHOD_MATCH = YES;
				COPY_PHASE_STRIP = NO;
				DEBUG_INFORMATION_FORMAT = dwarf;
				ENABLE_STRICT_OBJC_MSGSEND = YES;
				ENABLE_TESTABILITY = YES;
				GCC_C_LANGUAGE_STANDARD = gnu11;
				GCC_DYNAMIC_NO_PIC = NO;
				GCC_NO_COMMON_BLOCKS = YES;
				GCC_OPTIMIZATION_LEVEL = 0;
				GCC_PREPROCESSOR_DEFINITIONS = (
					"DEBUG=1",
					"$(inherited)",
				);
				GCC_WARN_64_TO_32_BIT_CONVERSION = YES;
				GCC_WARN_ABOUT_RETURN_TYPE = YES_ERROR;
				GCC_WARN_UNDECLARED_SELECTOR = YES;
				GCC_WARN_UNINITIALIZED_AUTOS = YES_AGGRESSIVE;
				GCC_WARN_UNUSED_FUNCTION = YES;
				GCC_WARN_UNUSED_VARIABLE = YES;
				IPHONEOS_DEPLOYMENT_TARGET = 14.2;
				MTL_ENABLE_DEBUG_INFO = INCLUDE_SOURCE;
				MTL_FAST_MATH = YES;
				ONLY_ACTIVE_ARCH = YES;
				SDKROOT = iphoneos;
				SWIFT_ACTIVE_COMPILATION_CONDITIONS = DEBUG;
				SWIFT_OPTIMIZATION_LEVEL = "-Onone";
			};
			name = Debug;
		};
		934657AB257A763200392967 /* Release */ = {
			isa = XCBuildConfiguration;
			buildSettings = {
				ALWAYS_SEARCH_USER_PATHS = NO;
				CLANG_ANALYZER_NONNULL = YES;
				CLANG_ANALYZER_NUMBER_OBJECT_CONVERSION = YES_AGGRESSIVE;
				CLANG_CXX_LANGUAGE_STANDARD = "gnu++14";
				CLANG_CXX_LIBRARY = "libc++";
				CLANG_ENABLE_MODULES = YES;
				CLANG_ENABLE_OBJC_ARC = YES;
				CLANG_ENABLE_OBJC_WEAK = YES;
				CLANG_WARN_BLOCK_CAPTURE_AUTORELEASING = YES;
				CLANG_WARN_BOOL_CONVERSION = YES;
				CLANG_WARN_COMMA = YES;
				CLANG_WARN_CONSTANT_CONVERSION = YES;
				CLANG_WARN_DEPRECATED_OBJC_IMPLEMENTATIONS = YES;
				CLANG_WARN_DIRECT_OBJC_ISA_USAGE = YES_ERROR;
				CLANG_WARN_DOCUMENTATION_COMMENTS = YES;
				CLANG_WARN_EMPTY_BODY = YES;
				CLANG_WARN_ENUM_CONVERSION = YES;
				CLANG_WARN_INFINITE_RECURSION = YES;
				CLANG_WARN_INT_CONVERSION = YES;
				CLANG_WARN_NON_LITERAL_NULL_CONVERSION = YES;
				CLANG_WARN_OBJC_IMPLICIT_RETAIN_SELF = YES;
				CLANG_WARN_OBJC_LITERAL_CONVERSION = YES;
				CLANG_WARN_OBJC_ROOT_CLASS = YES_ERROR;
				CLANG_WARN_QUOTED_INCLUDE_IN_FRAMEWORK_HEADER = YES;
				CLANG_WARN_RANGE_LOOP_ANALYSIS = YES;
				CLANG_WARN_STRICT_PROTOTYPES = YES;
				CLANG_WARN_SUSPICIOUS_MOVE = YES;
				CLANG_WARN_UNGUARDED_AVAILABILITY = YES_AGGRESSIVE;
				CLANG_WARN_UNREACHABLE_CODE = YES;
				CLANG_WARN__DUPLICATE_METHOD_MATCH = YES;
				COPY_PHASE_STRIP = NO;
				DEBUG_INFORMATION_FORMAT = "dwarf-with-dsym";
				ENABLE_NS_ASSERTIONS = NO;
				ENABLE_STRICT_OBJC_MSGSEND = YES;
				GCC_C_LANGUAGE_STANDARD = gnu11;
				GCC_NO_COMMON_BLOCKS = YES;
				GCC_WARN_64_TO_32_BIT_CONVERSION = YES;
				GCC_WARN_ABOUT_RETURN_TYPE = YES_ERROR;
				GCC_WARN_UNDECLARED_SELECTOR = YES;
				GCC_WARN_UNINITIALIZED_AUTOS = YES_AGGRESSIVE;
				GCC_WARN_UNUSED_FUNCTION = YES;
				GCC_WARN_UNUSED_VARIABLE = YES;
				IPHONEOS_DEPLOYMENT_TARGET = 14.2;
				MTL_ENABLE_DEBUG_INFO = NO;
				MTL_FAST_MATH = YES;
				SDKROOT = iphoneos;
				SWIFT_COMPILATION_MODE = wholemodule;
				SWIFT_OPTIMIZATION_LEVEL = "-O";
				VALIDATE_PRODUCT = YES;
			};
			name = Release;
		};
		934657AD257A763200392967 /* Debug */ = {
			isa = XCBuildConfiguration;
			baseConfigurationReference = 0FFC73DB6BD35150A6ED263D /* Pods-SpaceXInfo.debug.xcconfig */;
			buildSettings = {
				ASSETCATALOG_COMPILER_APPICON_NAME = AppIcon;
				ASSETCATALOG_COMPILER_GLOBAL_ACCENT_COLOR_NAME = AccentColor;
				CODE_SIGN_STYLE = Automatic;
				INFOPLIST_FILE = SpaceXInfo/Info.plist;
				LD_RUNPATH_SEARCH_PATHS = (
					"$(inherited)",
					"@executable_path/Frameworks",
				);
				PRODUCT_BUNDLE_IDENTIFIER = com.gustavotiecker.SpaceXInfo;
				PRODUCT_NAME = "$(TARGET_NAME)";
				SWIFT_VERSION = 5.0;
				TARGETED_DEVICE_FAMILY = 1;
			};
			name = Debug;
		};
		934657AE257A763200392967 /* Release */ = {
			isa = XCBuildConfiguration;
			baseConfigurationReference = 648306305F941FA4ECE8792D /* Pods-SpaceXInfo.release.xcconfig */;
			buildSettings = {
				ASSETCATALOG_COMPILER_APPICON_NAME = AppIcon;
				ASSETCATALOG_COMPILER_GLOBAL_ACCENT_COLOR_NAME = AccentColor;
				CODE_SIGN_STYLE = Automatic;
				INFOPLIST_FILE = SpaceXInfo/Info.plist;
				LD_RUNPATH_SEARCH_PATHS = (
					"$(inherited)",
					"@executable_path/Frameworks",
				);
				PRODUCT_BUNDLE_IDENTIFIER = com.gustavotiecker.SpaceXInfo;
				PRODUCT_NAME = "$(TARGET_NAME)";
				SWIFT_VERSION = 5.0;
				TARGETED_DEVICE_FAMILY = 1;
			};
			name = Release;
		};
/* End XCBuildConfiguration section */

/* Begin XCConfigurationList section */
		93465793257A762D00392967 /* Build configuration list for PBXProject "SpaceXInfo" */ = {
			isa = XCConfigurationList;
			buildConfigurations = (
				934657AA257A763200392967 /* Debug */,
				934657AB257A763200392967 /* Release */,
			);
			defaultConfigurationIsVisible = 0;
			defaultConfigurationName = Release;
		};
		934657AC257A763200392967 /* Build configuration list for PBXNativeTarget "SpaceXInfo" */ = {
			isa = XCConfigurationList;
			buildConfigurations = (
				934657AD257A763200392967 /* Debug */,
				934657AE257A763200392967 /* Release */,
			);
			defaultConfigurationIsVisible = 0;
			defaultConfigurationName = Release;
		};
/* End XCConfigurationList section */
	};
	rootObject = 93465790257A762D00392967 /* Project object */;
}
