// !$*UTF8*$!
{
	archiveVersion = 1;
	classes = {
	};
	objectVersion = 50;
	objects = {

/* Begin PBXBuildFile section */
		9346579C257A762E00392967 /* AppDelegate.swift in Sources */ = {isa = PBXBuildFile; fileRef = 9346579B257A762E00392967 /* AppDelegate.swift */; };
		9346579E257A762E00392967 /* SceneDelegate.swift in Sources */ = {isa = PBXBuildFile; fileRef = 9346579D257A762E00392967 /* SceneDelegate.swift */; };
		934657A5257A763200392967 /* Assets.xcassets in Resources */ = {isa = PBXBuildFile; fileRef = 934657A4257A763200392967 /* Assets.xcassets */; };
		934657A8257A763200392967 /* LaunchScreen.storyboard in Resources */ = {isa = PBXBuildFile; fileRef = 934657A6257A763200392967 /* LaunchScreen.storyboard */; };
		935038CB258AF01B0052EBBD /* UITableView+Ext.swift in Sources */ = {isa = PBXBuildFile; fileRef = 935038CA258AF01B0052EBBD /* UITableView+Ext.swift */; };
		935038D2258AF1800052EBBD /* RocketCell.swift in Sources */ = {isa = PBXBuildFile; fileRef = 935038D1258AF1800052EBBD /* RocketCell.swift */; };
		9360D26F2587E5DA000690E0 /* Launches.json in Resources */ = {isa = PBXBuildFile; fileRef = 9360D26E2587E5DA000690E0 /* Launches.json */; };
		9360D27625883290000690E0 /* Date+Ext.swift in Sources */ = {isa = PBXBuildFile; fileRef = 9360D27525883290000690E0 /* Date+Ext.swift */; };
		9360D2792588F8CC000690E0 /* Rocket.swift in Sources */ = {isa = PBXBuildFile; fileRef = 9360D2782588F8CC000690E0 /* Rocket.swift */; };
		9395082125815E6A00B40C62 /* UIViewController+Ext.swift in Sources */ = {isa = PBXBuildFile; fileRef = 9395082025815E6A00B40C62 /* UIViewController+Ext.swift */; };
		939508262584163400B40C62 /* DateFormatter+Ext.swift in Sources */ = {isa = PBXBuildFile; fileRef = 939508252584163400B40C62 /* DateFormatter+Ext.swift */; };
		93A33A5D257ED66300DD4A3C /* UpcomingLaunchesVC.swift in Sources */ = {isa = PBXBuildFile; fileRef = 93A33A5C257ED66300DD4A3C /* UpcomingLaunchesVC.swift */; };
		93A33A60257ED6A000DD4A3C /* LatestLaunchesVC.swift in Sources */ = {isa = PBXBuildFile; fileRef = 93A33A5F257ED6A000DD4A3C /* LatestLaunchesVC.swift */; };
		93A33A63257ED7D200DD4A3C /* RocketsVC.swift in Sources */ = {isa = PBXBuildFile; fileRef = 93A33A62257ED7D200DD4A3C /* RocketsVC.swift */; };
		93A33A67257EDB8E00DD4A3C /* SPXTabBarController.swift in Sources */ = {isa = PBXBuildFile; fileRef = 93A33A66257EDB8E00DD4A3C /* SPXTabBarController.swift */; };
		93A33A6B257FB55B00DD4A3C /* LaunchCell.swift in Sources */ = {isa = PBXBuildFile; fileRef = 93A33A6A257FB55B00DD4A3C /* LaunchCell.swift */; };
		93A33A6F257FB80F00DD4A3C /* SPXAvatarImageView.swift in Sources */ = {isa = PBXBuildFile; fileRef = 93A33A6E257FB80F00DD4A3C /* SPXAvatarImageView.swift */; };
		93A33A73257FB83F00DD4A3C /* Constants.swift in Sources */ = {isa = PBXBuildFile; fileRef = 93A33A72257FB83F00DD4A3C /* Constants.swift */; };
		93A33A78257FBD6E00DD4A3C /* SPXTitleLabel.swift in Sources */ = {isa = PBXBuildFile; fileRef = 93A33A77257FBD6E00DD4A3C /* SPXTitleLabel.swift */; };
		93A33A7B257FC09D00DD4A3C /* SPXBodyLabel.swift in Sources */ = {isa = PBXBuildFile; fileRef = 93A33A7A257FC09D00DD4A3C /* SPXBodyLabel.swift */; };
		93A33A812580097E00DD4A3C /* NetworkManager.swift in Sources */ = {isa = PBXBuildFile; fileRef = 93A33A802580097E00DD4A3C /* NetworkManager.swift */; };
		93A33A8525800A4D00DD4A3C /* Launch.swift in Sources */ = {isa = PBXBuildFile; fileRef = 93A33A8425800A4D00DD4A3C /* Launch.swift */; };
		93A33A8A25801E0100DD4A3C /* SPXAlertContainerView.swift in Sources */ = {isa = PBXBuildFile; fileRef = 93A33A8925801E0100DD4A3C /* SPXAlertContainerView.swift */; };
		93A33A8E25801E8000DD4A3C /* SPXAlertVC.swift in Sources */ = {isa = PBXBuildFile; fileRef = 93A33A8D25801E8000DD4A3C /* SPXAlertVC.swift */; };
		93A33A9325801F0900DD4A3C /* SPXButton.swift in Sources */ = {isa = PBXBuildFile; fileRef = 93A33A9225801F0900DD4A3C /* SPXButton.swift */; };
		93A33A972580237500DD4A3C /* SPXError.swift in Sources */ = {isa = PBXBuildFile; fileRef = 93A33A962580237500DD4A3C /* SPXError.swift */; };
		93C7D6AB258B992800293A2F /* RocketInfoVC.swift in Sources */ = {isa = PBXBuildFile; fileRef = 93C7D6AA258B992800293A2F /* RocketInfoVC.swift */; };
		93C7D6AE258B9C8600293A2F /* SPXRocketInfoHeaderVC.swift in Sources */ = {isa = PBXBuildFile; fileRef = 93C7D6AD258B9C8600293A2F /* SPXRocketInfoHeaderVC.swift */; };
		93C7D6B1258B9D1A00293A2F /* SPXSecondaryTitleLabel.swift in Sources */ = {isa = PBXBuildFile; fileRef = 93C7D6B0258B9D1A00293A2F /* SPXSecondaryTitleLabel.swift */; };
		93C7D6BB258C410800293A2F /* UIView+Ext.swift in Sources */ = {isa = PBXBuildFile; fileRef = 93C7D6BA258C410800293A2F /* UIView+Ext.swift */; };
		93C7D6C3258D183800293A2F /* SPXRocketInfoHeaderView.swift in Sources */ = {isa = PBXBuildFile; fileRef = 93C7D6C2258D183800293A2F /* SPXRocketInfoHeaderView.swift */; };
		93C7D6C6258D53CF00293A2F /* SPXRocketSpecsView.swift in Sources */ = {isa = PBXBuildFile; fileRef = 93C7D6C5258D53CF00293A2F /* SPXRocketSpecsView.swift */; };
/* End PBXBuildFile section */

/* Begin PBXFileReference section */
		93465798257A762E00392967 /* SpaceXInfo.app */ = {isa = PBXFileReference; explicitFileType = wrapper.application; includeInIndex = 0; path = SpaceXInfo.app; sourceTree = BUILT_PRODUCTS_DIR; };
		9346579B257A762E00392967 /* AppDelegate.swift */ = {isa = PBXFileReference; lastKnownFileType = sourcecode.swift; path = AppDelegate.swift; sourceTree = "<group>"; };
		9346579D257A762E00392967 /* SceneDelegate.swift */ = {isa = PBXFileReference; lastKnownFileType = sourcecode.swift; path = SceneDelegate.swift; sourceTree = "<group>"; };
		934657A4257A763200392967 /* Assets.xcassets */ = {isa = PBXFileReference; lastKnownFileType = folder.assetcatalog; path = Assets.xcassets; sourceTree = "<group>"; };
		934657A7257A763200392967 /* Base */ = {isa = PBXFileReference; lastKnownFileType = file.storyboard; name = Base; path = Base.lproj/LaunchScreen.storyboard; sourceTree = "<group>"; };
		934657A9257A763200392967 /* Info.plist */ = {isa = PBXFileReference; lastKnownFileType = text.plist.xml; path = Info.plist; sourceTree = "<group>"; };
		935038CA258AF01B0052EBBD /* UITableView+Ext.swift */ = {isa = PBXFileReference; lastKnownFileType = sourcecode.swift; path = "UITableView+Ext.swift"; sourceTree = "<group>"; };
		935038D1258AF1800052EBBD /* RocketCell.swift */ = {isa = PBXFileReference; lastKnownFileType = sourcecode.swift; path = RocketCell.swift; sourceTree = "<group>"; };
		9360D26E2587E5DA000690E0 /* Launches.json */ = {isa = PBXFileReference; lastKnownFileType = text.json; path = Launches.json; sourceTree = "<group>"; };
		9360D27525883290000690E0 /* Date+Ext.swift */ = {isa = PBXFileReference; lastKnownFileType = sourcecode.swift; path = "Date+Ext.swift"; sourceTree = "<group>"; };
		9360D2782588F8CC000690E0 /* Rocket.swift */ = {isa = PBXFileReference; lastKnownFileType = sourcecode.swift; path = Rocket.swift; sourceTree = "<group>"; };
		9395082025815E6A00B40C62 /* UIViewController+Ext.swift */ = {isa = PBXFileReference; lastKnownFileType = sourcecode.swift; path = "UIViewController+Ext.swift"; sourceTree = "<group>"; };
		939508252584163400B40C62 /* DateFormatter+Ext.swift */ = {isa = PBXFileReference; lastKnownFileType = sourcecode.swift; path = "DateFormatter+Ext.swift"; sourceTree = "<group>"; };
		93A33A5C257ED66300DD4A3C /* UpcomingLaunchesVC.swift */ = {isa = PBXFileReference; lastKnownFileType = sourcecode.swift; path = UpcomingLaunchesVC.swift; sourceTree = "<group>"; };
		93A33A5F257ED6A000DD4A3C /* LatestLaunchesVC.swift */ = {isa = PBXFileReference; lastKnownFileType = sourcecode.swift; path = LatestLaunchesVC.swift; sourceTree = "<group>"; };
		93A33A62257ED7D200DD4A3C /* RocketsVC.swift */ = {isa = PBXFileReference; lastKnownFileType = sourcecode.swift; path = RocketsVC.swift; sourceTree = "<group>"; };
		93A33A66257EDB8E00DD4A3C /* SPXTabBarController.swift */ = {isa = PBXFileReference; lastKnownFileType = sourcecode.swift; path = SPXTabBarController.swift; sourceTree = "<group>"; };
		93A33A6A257FB55B00DD4A3C /* LaunchCell.swift */ = {isa = PBXFileReference; lastKnownFileType = sourcecode.swift; path = LaunchCell.swift; sourceTree = "<group>"; };
		93A33A6E257FB80F00DD4A3C /* SPXAvatarImageView.swift */ = {isa = PBXFileReference; lastKnownFileType = sourcecode.swift; path = SPXAvatarImageView.swift; sourceTree = "<group>"; };
		93A33A72257FB83F00DD4A3C /* Constants.swift */ = {isa = PBXFileReference; lastKnownFileType = sourcecode.swift; path = Constants.swift; sourceTree = "<group>"; };
		93A33A77257FBD6E00DD4A3C /* SPXTitleLabel.swift */ = {isa = PBXFileReference; lastKnownFileType = sourcecode.swift; path = SPXTitleLabel.swift; sourceTree = "<group>"; };
		93A33A7A257FC09D00DD4A3C /* SPXBodyLabel.swift */ = {isa = PBXFileReference; lastKnownFileType = sourcecode.swift; path = SPXBodyLabel.swift; sourceTree = "<group>"; };
		93A33A802580097E00DD4A3C /* NetworkManager.swift */ = {isa = PBXFileReference; lastKnownFileType = sourcecode.swift; path = NetworkManager.swift; sourceTree = "<group>"; };
		93A33A8425800A4D00DD4A3C /* Launch.swift */ = {isa = PBXFileReference; lastKnownFileType = sourcecode.swift; path = Launch.swift; sourceTree = "<group>"; };
		93A33A8925801E0100DD4A3C /* SPXAlertContainerView.swift */ = {isa = PBXFileReference; lastKnownFileType = sourcecode.swift; path = SPXAlertContainerView.swift; sourceTree = "<group>"; };
		93A33A8D25801E8000DD4A3C /* SPXAlertVC.swift */ = {isa = PBXFileReference; lastKnownFileType = sourcecode.swift; path = SPXAlertVC.swift; sourceTree = "<group>"; };
		93A33A9225801F0900DD4A3C /* SPXButton.swift */ = {isa = PBXFileReference; lastKnownFileType = sourcecode.swift; path = SPXButton.swift; sourceTree = "<group>"; };
		93A33A962580237500DD4A3C /* SPXError.swift */ = {isa = PBXFileReference; lastKnownFileType = sourcecode.swift; path = SPXError.swift; sourceTree = "<group>"; };
		93C7D6AA258B992800293A2F /* RocketInfoVC.swift */ = {isa = PBXFileReference; lastKnownFileType = sourcecode.swift; path = RocketInfoVC.swift; sourceTree = "<group>"; };
		93C7D6AD258B9C8600293A2F /* SPXRocketInfoHeaderVC.swift */ = {isa = PBXFileReference; lastKnownFileType = sourcecode.swift; path = SPXRocketInfoHeaderVC.swift; sourceTree = "<group>"; };
		93C7D6B0258B9D1A00293A2F /* SPXSecondaryTitleLabel.swift */ = {isa = PBXFileReference; lastKnownFileType = sourcecode.swift; path = SPXSecondaryTitleLabel.swift; sourceTree = "<group>"; };
		93C7D6BA258C410800293A2F /* UIView+Ext.swift */ = {isa = PBXFileReference; lastKnownFileType = sourcecode.swift; path = "UIView+Ext.swift"; sourceTree = "<group>"; };
		93C7D6C2258D183800293A2F /* SPXRocketInfoHeaderView.swift */ = {isa = PBXFileReference; lastKnownFileType = sourcecode.swift; path = SPXRocketInfoHeaderView.swift; sourceTree = "<group>"; };
		93C7D6C5258D53CF00293A2F /* SPXRocketSpecsView.swift */ = {isa = PBXFileReference; lastKnownFileType = sourcecode.swift; path = SPXRocketSpecsView.swift; sourceTree = "<group>"; };
/* End PBXFileReference section */

/* Begin PBXFrameworksBuildPhase section */
		93465795257A762E00392967 /* Frameworks */ = {
			isa = PBXFrameworksBuildPhase;
			buildActionMask = 2147483647;
			files = (
			);
			runOnlyForDeploymentPostprocessing = 0;
		};
/* End PBXFrameworksBuildPhase section */

/* Begin PBXGroup section */
		9346578F257A762D00392967 = {
			isa = PBXGroup;
			children = (
				9346579A257A762E00392967 /* SpaceXInfo */,
				93465799257A762E00392967 /* Products */,
			);
			sourceTree = "<group>";
		};
		93465799257A762E00392967 /* Products */ = {
			isa = PBXGroup;
			children = (
				93465798257A762E00392967 /* SpaceXInfo.app */,
			);
			name = Products;
			sourceTree = "<group>";
		};
		9346579A257A762E00392967 /* SpaceXInfo */ = {
			isa = PBXGroup;
			children = (
				9395081F25815E5100B40C62 /* Extensions */,
				93A33A8325800A2100DD4A3C /* Model */,
				93A33A7F2580096800DD4A3C /* Managers */,
				93A33A71257FB82B00DD4A3C /* Utilities */,
				934657B4257ABC6500392967 /* Screens */,
				934657B3257ABC5800392967 /* CustomViews */,
				9346579B257A762E00392967 /* AppDelegate.swift */,
				9346579D257A762E00392967 /* SceneDelegate.swift */,
				934657A4257A763200392967 /* Assets.xcassets */,
				934657A6257A763200392967 /* LaunchScreen.storyboard */,
				934657A9257A763200392967 /* Info.plist */,
			);
			path = SpaceXInfo;
			sourceTree = "<group>";
		};
		934657B3257ABC5800392967 /* CustomViews */ = {
			isa = PBXGroup;
			children = (
				93A33A9125801EE800DD4A3C /* Buttons */,
				93A33A8C25801E5E00DD4A3C /* ViewControllers */,
				93A33A8825801DCF00DD4A3C /* Views */,
				93A33A76257FBD5300DD4A3C /* Labels */,
				93A33A6D257FB7EF00DD4A3C /* ImageViews */,
				93A33A69257FB52A00DD4A3C /* Cells */,
				93A33A65257EDB0700DD4A3C /* TabBarControllers */,
			);
			path = CustomViews;
			sourceTree = "<group>";
		};
		934657B4257ABC6500392967 /* Screens */ = {
			isa = PBXGroup;
			children = (
				93A33A5C257ED66300DD4A3C /* UpcomingLaunchesVC.swift */,
				93A33A5F257ED6A000DD4A3C /* LatestLaunchesVC.swift */,
				93A33A62257ED7D200DD4A3C /* RocketsVC.swift */,
				93C7D6AA258B992800293A2F /* RocketInfoVC.swift */,
			);
			path = Screens;
			sourceTree = "<group>";
		};
		9395081F25815E5100B40C62 /* Extensions */ = {
			isa = PBXGroup;
			children = (
				9395082025815E6A00B40C62 /* UIViewController+Ext.swift */,
				939508252584163400B40C62 /* DateFormatter+Ext.swift */,
				9360D27525883290000690E0 /* Date+Ext.swift */,
				935038CA258AF01B0052EBBD /* UITableView+Ext.swift */,
				93C7D6BA258C410800293A2F /* UIView+Ext.swift */,
			);
			path = Extensions;
			sourceTree = "<group>";
		};
		93A33A65257EDB0700DD4A3C /* TabBarControllers */ = {
			isa = PBXGroup;
			children = (
				93A33A66257EDB8E00DD4A3C /* SPXTabBarController.swift */,
			);
			path = TabBarControllers;
			sourceTree = "<group>";
		};
		93A33A69257FB52A00DD4A3C /* Cells */ = {
			isa = PBXGroup;
			children = (
				93A33A6A257FB55B00DD4A3C /* LaunchCell.swift */,
				935038D1258AF1800052EBBD /* RocketCell.swift */,
			);
			path = Cells;
			sourceTree = "<group>";
		};
		93A33A6D257FB7EF00DD4A3C /* ImageViews */ = {
			isa = PBXGroup;
			children = (
				93A33A6E257FB80F00DD4A3C /* SPXAvatarImageView.swift */,
			);
			path = ImageViews;
			sourceTree = "<group>";
		};
		93A33A71257FB82B00DD4A3C /* Utilities */ = {
			isa = PBXGroup;
			children = (
				93A33A72257FB83F00DD4A3C /* Constants.swift */,
				93A33A962580237500DD4A3C /* SPXError.swift */,
			);
			path = Utilities;
			sourceTree = "<group>";
		};
		93A33A76257FBD5300DD4A3C /* Labels */ = {
			isa = PBXGroup;
			children = (
				93A33A77257FBD6E00DD4A3C /* SPXTitleLabel.swift */,
				93A33A7A257FC09D00DD4A3C /* SPXBodyLabel.swift */,
				93C7D6B0258B9D1A00293A2F /* SPXSecondaryTitleLabel.swift */,
			);
			path = Labels;
			sourceTree = "<group>";
		};
		93A33A7F2580096800DD4A3C /* Managers */ = {
			isa = PBXGroup;
			children = (
				93A33A802580097E00DD4A3C /* NetworkManager.swift */,
			);
			path = Managers;
			sourceTree = "<group>";
		};
		93A33A8325800A2100DD4A3C /* Model */ = {
			isa = PBXGroup;
			children = (
				93A33A8425800A4D00DD4A3C /* Launch.swift */,
				9360D26E2587E5DA000690E0 /* Launches.json */,
				9360D2782588F8CC000690E0 /* Rocket.swift */,
			);
			path = Model;
			sourceTree = "<group>";
		};
		93A33A8825801DCF00DD4A3C /* Views */ = {
			isa = PBXGroup;
			children = (
				93A33A8925801E0100DD4A3C /* SPXAlertContainerView.swift */,
				93C7D6C2258D183800293A2F /* SPXRocketInfoHeaderView.swift */,
				93C7D6C5258D53CF00293A2F /* SPXRocketSpecsView.swift */,
			);
			path = Views;
			sourceTree = "<group>";
		};
		93A33A8C25801E5E00DD4A3C /* ViewControllers */ = {
			isa = PBXGroup;
			children = (
				93A33A8D25801E8000DD4A3C /* SPXAlertVC.swift */,
				93C7D6AD258B9C8600293A2F /* SPXRocketInfoHeaderVC.swift */,
			);
			path = ViewControllers;
			sourceTree = "<group>";
		};
		93A33A9125801EE800DD4A3C /* Buttons */ = {
			isa = PBXGroup;
			children = (
				93A33A9225801F0900DD4A3C /* SPXButton.swift */,
			);
			path = Buttons;
			sourceTree = "<group>";
		};
/* End PBXGroup section */

/* Begin PBXNativeTarget section */
		93465797257A762E00392967 /* SpaceXInfo */ = {
			isa = PBXNativeTarget;
			buildConfigurationList = 934657AC257A763200392967 /* Build configuration list for PBXNativeTarget "SpaceXInfo" */;
			buildPhases = (
				93465794257A762E00392967 /* Sources */,
				93465795257A762E00392967 /* Frameworks */,
				93465796257A762E00392967 /* Resources */,
			);
			buildRules = (
			);
			dependencies = (
			);
			name = SpaceXInfo;
			productName = SpaceXInfo;
			productReference = 93465798257A762E00392967 /* SpaceXInfo.app */;
			productType = "com.apple.product-type.application";
		};
/* End PBXNativeTarget section */

/* Begin PBXProject section */
		93465790257A762D00392967 /* Project object */ = {
			isa = PBXProject;
			attributes = {
				LastSwiftUpdateCheck = 1220;
				LastUpgradeCheck = 1220;
				TargetAttributes = {
					93465797257A762E00392967 = {
						CreatedOnToolsVersion = 12.2;
					};
				};
			};
			buildConfigurationList = 93465793257A762D00392967 /* Build configuration list for PBXProject "SpaceXInfo" */;
			compatibilityVersion = "Xcode 9.3";
			developmentRegion = en;
			hasScannedForEncodings = 0;
			knownRegions = (
				en,
				Base,
			);
			mainGroup = 9346578F257A762D00392967;
			productRefGroup = 93465799257A762E00392967 /* Products */;
			projectDirPath = "";
			projectRoot = "";
			targets = (
				93465797257A762E00392967 /* SpaceXInfo */,
			);
		};
/* End PBXProject section */

/* Begin PBXResourcesBuildPhase section */
		93465796257A762E00392967 /* Resources */ = {
			isa = PBXResourcesBuildPhase;
			buildActionMask = 2147483647;
			files = (
				9360D26F2587E5DA000690E0 /* Launches.json in Resources */,
				934657A8257A763200392967 /* LaunchScreen.storyboard in Resources */,
				934657A5257A763200392967 /* Assets.xcassets in Resources */,
			);
			runOnlyForDeploymentPostprocessing = 0;
		};
/* End PBXResourcesBuildPhase section */

/* Begin PBXSourcesBuildPhase section */
		93465794257A762E00392967 /* Sources */ = {
			isa = PBXSourcesBuildPhase;
			buildActionMask = 2147483647;
			files = (
				9360D2792588F8CC000690E0 /* Rocket.swift in Sources */,
				93A33A9325801F0900DD4A3C /* SPXButton.swift in Sources */,
				93A33A812580097E00DD4A3C /* NetworkManager.swift in Sources */,
				93A33A972580237500DD4A3C /* SPXError.swift in Sources */,
				93A33A5D257ED66300DD4A3C /* UpcomingLaunchesVC.swift in Sources */,
				93C7D6BB258C410800293A2F /* UIView+Ext.swift in Sources */,
				939508262584163400B40C62 /* DateFormatter+Ext.swift in Sources */,
				9346579C257A762E00392967 /* AppDelegate.swift in Sources */,
				93C7D6B1258B9D1A00293A2F /* SPXSecondaryTitleLabel.swift in Sources */,
				93C7D6C6258D53CF00293A2F /* SPXRocketSpecsView.swift in Sources */,
				93A33A6F257FB80F00DD4A3C /* SPXAvatarImageView.swift in Sources */,
				93A33A8A25801E0100DD4A3C /* SPXAlertContainerView.swift in Sources */,
				93C7D6C3258D183800293A2F /* SPXRocketInfoHeaderView.swift in Sources */,
				93A33A60257ED6A000DD4A3C /* LatestLaunchesVC.swift in Sources */,
				93C7D6AB258B992800293A2F /* RocketInfoVC.swift in Sources */,
				9395082125815E6A00B40C62 /* UIViewController+Ext.swift in Sources */,
				935038CB258AF01B0052EBBD /* UITableView+Ext.swift in Sources */,
				9346579E257A762E00392967 /* SceneDelegate.swift in Sources */,
				93A33A8E25801E8000DD4A3C /* SPXAlertVC.swift in Sources */,
				93A33A67257EDB8E00DD4A3C /* SPXTabBarController.swift in Sources */,
				93A33A6B257FB55B00DD4A3C /* LaunchCell.swift in Sources */,
				93A33A7B257FC09D00DD4A3C /* SPXBodyLabel.swift in Sources */,
				93A33A63257ED7D200DD4A3C /* RocketsVC.swift in Sources */,
				93A33A8525800A4D00DD4A3C /* Launch.swift in Sources */,
				93A33A78257FBD6E00DD4A3C /* SPXTitleLabel.swift in Sources */,
				93A33A73257FB83F00DD4A3C /* Constants.swift in Sources */,
				93C7D6AE258B9C8600293A2F /* SPXRocketInfoHeaderVC.swift in Sources */,
				935038D2258AF1800052EBBD /* RocketCell.swift in Sources */,
				9360D27625883290000690E0 /* Date+Ext.swift in Sources */,
			);
			runOnlyForDeploymentPostprocessing = 0;
		};
/* End PBXSourcesBuildPhase section */

/* Begin PBXVariantGroup section */
		934657A6257A763200392967 /* LaunchScreen.storyboard */ = {
			isa = PBXVariantGroup;
			children = (
				934657A7257A763200392967 /* Base */,
			);
			name = LaunchScreen.storyboard;
			sourceTree = "<group>";
		};
/* End PBXVariantGroup section */

/* Begin XCBuildConfiguration section */
		934657AA257A763200392967 /* Debug */ = {
			isa = XCBuildConfiguration;
			buildSettings = {
				ALWAYS_SEARCH_USER_PATHS = NO;
				CLANG_ANALYZER_NONNULL = YES;
				CLANG_ANALYZER_NUMBER_OBJECT_CONVERSION = YES_AGGRESSIVE;
				CLANG_CXX_LANGUAGE_STANDARD = "gnu++14";
				CLANG_CXX_LIBRARY = "libc++";
				CLANG_ENABLE_MODULES = YES;
				CLANG_ENABLE_OBJC_ARC = YES;
				CLANG_ENABLE_OBJC_WEAK = YES;
				CLANG_WARN_BLOCK_CAPTURE_AUTORELEASING = YES;
				CLANG_WARN_BOOL_CONVERSION = YES;
				CLANG_WARN_COMMA = YES;
				CLANG_WARN_CONSTANT_CONVERSION = YES;
				CLANG_WARN_DEPRECATED_OBJC_IMPLEMENTATIONS = YES;
				CLANG_WARN_DIRECT_OBJC_ISA_USAGE = YES_ERROR;
				CLANG_WARN_DOCUMENTATION_COMMENTS = YES;
				CLANG_WARN_EMPTY_BODY = YES;
				CLANG_WARN_ENUM_CONVERSION = YES;
				CLANG_WARN_INFINITE_RECURSION = YES;
				CLANG_WARN_INT_CONVERSION = YES;
				CLANG_WARN_NON_LITERAL_NULL_CONVERSION = YES;
				CLANG_WARN_OBJC_IMPLICIT_RETAIN_SELF = YES;
				CLANG_WARN_OBJC_LITERAL_CONVERSION = YES;
				CLANG_WARN_OBJC_ROOT_CLASS = YES_ERROR;
				CLANG_WARN_QUOTED_INCLUDE_IN_FRAMEWORK_HEADER = YES;
				CLANG_WARN_RANGE_LOOP_ANALYSIS = YES;
				CLANG_WARN_STRICT_PROTOTYPES = YES;
				CLANG_WARN_SUSPICIOUS_MOVE = YES;
				CLANG_WARN_UNGUARDED_AVAILABILITY = YES_AGGRESSIVE;
				CLANG_WARN_UNREACHABLE_CODE = YES;
				CLANG_WARN__DUPLICATE_METHOD_MATCH = YES;
				COPY_PHASE_STRIP = NO;
				DEBUG_INFORMATION_FORMAT = dwarf;
				ENABLE_STRICT_OBJC_MSGSEND = YES;
				ENABLE_TESTABILITY = YES;
				GCC_C_LANGUAGE_STANDARD = gnu11;
				GCC_DYNAMIC_NO_PIC = NO;
				GCC_NO_COMMON_BLOCKS = YES;
				GCC_OPTIMIZATION_LEVEL = 0;
				GCC_PREPROCESSOR_DEFINITIONS = (
					"DEBUG=1",
					"$(inherited)",
				);
				GCC_WARN_64_TO_32_BIT_CONVERSION = YES;
				GCC_WARN_ABOUT_RETURN_TYPE = YES_ERROR;
				GCC_WARN_UNDECLARED_SELECTOR = YES;
				GCC_WARN_UNINITIALIZED_AUTOS = YES_AGGRESSIVE;
				GCC_WARN_UNUSED_FUNCTION = YES;
				GCC_WARN_UNUSED_VARIABLE = YES;
				IPHONEOS_DEPLOYMENT_TARGET = 14.2;
				MTL_ENABLE_DEBUG_INFO = INCLUDE_SOURCE;
				MTL_FAST_MATH = YES;
				ONLY_ACTIVE_ARCH = YES;
				SDKROOT = iphoneos;
				SWIFT_ACTIVE_COMPILATION_CONDITIONS = DEBUG;
				SWIFT_OPTIMIZATION_LEVEL = "-Onone";
			};
			name = Debug;
		};
		934657AB257A763200392967 /* Release */ = {
			isa = XCBuildConfiguration;
			buildSettings = {
				ALWAYS_SEARCH_USER_PATHS = NO;
				CLANG_ANALYZER_NONNULL = YES;
				CLANG_ANALYZER_NUMBER_OBJECT_CONVERSION = YES_AGGRESSIVE;
				CLANG_CXX_LANGUAGE_STANDARD = "gnu++14";
				CLANG_CXX_LIBRARY = "libc++";
				CLANG_ENABLE_MODULES = YES;
				CLANG_ENABLE_OBJC_ARC = YES;
				CLANG_ENABLE_OBJC_WEAK = YES;
				CLANG_WARN_BLOCK_CAPTURE_AUTORELEASING = YES;
				CLANG_WARN_BOOL_CONVERSION = YES;
				CLANG_WARN_COMMA = YES;
				CLANG_WARN_CONSTANT_CONVERSION = YES;
				CLANG_WARN_DEPRECATED_OBJC_IMPLEMENTATIONS = YES;
				CLANG_WARN_DIRECT_OBJC_ISA_USAGE = YES_ERROR;
				CLANG_WARN_DOCUMENTATION_COMMENTS = YES;
				CLANG_WARN_EMPTY_BODY = YES;
				CLANG_WARN_ENUM_CONVERSION = YES;
				CLANG_WARN_INFINITE_RECURSION = YES;
				CLANG_WARN_INT_CONVERSION = YES;
				CLANG_WARN_NON_LITERAL_NULL_CONVERSION = YES;
				CLANG_WARN_OBJC_IMPLICIT_RETAIN_SELF = YES;
				CLANG_WARN_OBJC_LITERAL_CONVERSION = YES;
				CLANG_WARN_OBJC_ROOT_CLASS = YES_ERROR;
				CLANG_WARN_QUOTED_INCLUDE_IN_FRAMEWORK_HEADER = YES;
				CLANG_WARN_RANGE_LOOP_ANALYSIS = YES;
				CLANG_WARN_STRICT_PROTOTYPES = YES;
				CLANG_WARN_SUSPICIOUS_MOVE = YES;
				CLANG_WARN_UNGUARDED_AVAILABILITY = YES_AGGRESSIVE;
				CLANG_WARN_UNREACHABLE_CODE = YES;
				CLANG_WARN__DUPLICATE_METHOD_MATCH = YES;
				COPY_PHASE_STRIP = NO;
				DEBUG_INFORMATION_FORMAT = "dwarf-with-dsym";
				ENABLE_NS_ASSERTIONS = NO;
				ENABLE_STRICT_OBJC_MSGSEND = YES;
				GCC_C_LANGUAGE_STANDARD = gnu11;
				GCC_NO_COMMON_BLOCKS = YES;
				GCC_WARN_64_TO_32_BIT_CONVERSION = YES;
				GCC_WARN_ABOUT_RETURN_TYPE = YES_ERROR;
				GCC_WARN_UNDECLARED_SELECTOR = YES;
				GCC_WARN_UNINITIALIZED_AUTOS = YES_AGGRESSIVE;
				GCC_WARN_UNUSED_FUNCTION = YES;
				GCC_WARN_UNUSED_VARIABLE = YES;
				IPHONEOS_DEPLOYMENT_TARGET = 14.2;
				MTL_ENABLE_DEBUG_INFO = NO;
				MTL_FAST_MATH = YES;
				SDKROOT = iphoneos;
				SWIFT_COMPILATION_MODE = wholemodule;
				SWIFT_OPTIMIZATION_LEVEL = "-O";
				VALIDATE_PRODUCT = YES;
			};
			name = Release;
		};
		934657AD257A763200392967 /* Debug */ = {
			isa = XCBuildConfiguration;
			buildSettings = {
				ASSETCATALOG_COMPILER_APPICON_NAME = AppIcon;
				ASSETCATALOG_COMPILER_GLOBAL_ACCENT_COLOR_NAME = AccentColor;
				CODE_SIGN_STYLE = Automatic;
				INFOPLIST_FILE = SpaceXInfo/Info.plist;
				LD_RUNPATH_SEARCH_PATHS = (
					"$(inherited)",
					"@executable_path/Frameworks",
				);
				PRODUCT_BUNDLE_IDENTIFIER = com.gustavotiecker.SpaceXInfo;
				PRODUCT_NAME = "$(TARGET_NAME)";
				SWIFT_VERSION = 5.0;
				TARGETED_DEVICE_FAMILY = 1;
			};
			name = Debug;
		};
		934657AE257A763200392967 /* Release */ = {
			isa = XCBuildConfiguration;
			buildSettings = {
				ASSETCATALOG_COMPILER_APPICON_NAME = AppIcon;
				ASSETCATALOG_COMPILER_GLOBAL_ACCENT_COLOR_NAME = AccentColor;
				CODE_SIGN_STYLE = Automatic;
				INFOPLIST_FILE = SpaceXInfo/Info.plist;
				LD_RUNPATH_SEARCH_PATHS = (
					"$(inherited)",
					"@executable_path/Frameworks",
				);
				PRODUCT_BUNDLE_IDENTIFIER = com.gustavotiecker.SpaceXInfo;
				PRODUCT_NAME = "$(TARGET_NAME)";
				SWIFT_VERSION = 5.0;
				TARGETED_DEVICE_FAMILY = 1;
			};
			name = Release;
		};
/* End XCBuildConfiguration section */

/* Begin XCConfigurationList section */
		93465793257A762D00392967 /* Build configuration list for PBXProject "SpaceXInfo" */ = {
			isa = XCConfigurationList;
			buildConfigurations = (
				934657AA257A763200392967 /* Debug */,
				934657AB257A763200392967 /* Release */,
			);
			defaultConfigurationIsVisible = 0;
			defaultConfigurationName = Release;
		};
		934657AC257A763200392967 /* Build configuration list for PBXNativeTarget "SpaceXInfo" */ = {
			isa = XCConfigurationList;
			buildConfigurations = (
				934657AD257A763200392967 /* Debug */,
				934657AE257A763200392967 /* Release */,
			);
			defaultConfigurationIsVisible = 0;
			defaultConfigurationName = Release;
		};
/* End XCConfigurationList section */
	};
	rootObject = 93465790257A762D00392967 /* Project object */;
}
